
Microsoft Visual Studio Solution File, Format Version 12.00
# Visual Studio Version 16
VisualStudioVersion = 16.0.30907.101
MinimumVisualStudioVersion = 10.0.40219.1
Project("{FAE04EC0-301F-11D3-BF4B-00C04F79EFBC}") = "client-app", "client-app\client-app.csproj", "{FED5A90B-5AC9-45CD-BA21-C9D58C2820EA}"
EndProject
Global
	GlobalSection(SolutionConfigurationPlatforms) = preSolution
		Debug|Any CPU = Debug|Any CPU
		Release|Any CPU = Release|Any CPU
	EndGlobalSection
	GlobalSection(ProjectConfigurationPlatforms) = postSolution
		{FED5A90B-5AC9-45CD-BA21-C9D58C2820EA}.Debug|Any CPU.ActiveCfg = Debug|Any CPU
		{FED5A90B-5AC9-45CD-BA21-C9D58C2820EA}.Debug|Any CPU.Build.0 = Debug|Any CPU
		{FED5A90B-5AC9-45CD-BA21-C9D58C2820EA}.Release|Any CPU.ActiveCfg = Release|Any CPU
		{FED5A90B-5AC9-45CD-BA21-C9D58C2820EA}.Release|Any CPU.Build.0 = Release|Any CPU
	EndGlobalSection
	GlobalSection(SolutionProperties) = preSolution
		HideSolutionNode = FALSE
	EndGlobalSection
	GlobalSection(ExtensibilityGlobals) = postSolution
		SolutionGuid = {4B16482E-A452-48BB-A09C-92927F79964D}
	EndGlobalSection
EndGlobal
